
Microsoft Visual Studio Solution File, Format Version 12.00
# Visual Studio Version 17
VisualStudioVersion = 17.5.33530.505
MinimumVisualStudioVersion = 10.0.40219.1
Project("{FAE04EC0-301F-11D3-BF4B-00C04F79EFBC}") = "MCS.Service", "MCS.Service\MCS.Service.csproj", "{D292E390-3933-4015-A71C-48EB7BF54B21}"
EndProject
Project("{FAE04EC0-301F-11D3-BF4B-00C04F79EFBC}") = "MCS.Business", "MCS.Business\MCS.Business.csproj", "{985450A5-143C-47DF-A92B-416B6DBD284C}"
EndProject
Project("{FAE04EC0-301F-11D3-BF4B-00C04F79EFBC}") = "MCS.DataAccess", "MCS.DataAccess\MCS.DataAccess.csproj", "{8EFBFBF5-B3F5-4FA3-91D4-4CBA735CFA11}"
EndProject
Project("{FAE04EC0-301F-11D3-BF4B-00C04F79EFBC}") = "MCS.Common", "MCS.Common\MCS.Common.csproj", "{DD463041-B635-4B24-B3E1-0A942AB358E0}"
EndProject
Project("{FAE04EC0-301F-11D3-BF4B-00C04F79EFBC}") = "MCS.DTO", "MCS.DTO\MCS.DTO.csproj", "{DC0986F3-608B-43C7-A722-136283073F66}"
EndProject
Project("{FAE04EC0-301F-11D3-BF4B-00C04F79EFBC}") = "MCS.UI.TenantsAdmin", "MCS.UI.TenatsAdmin\MCS.UI.TenantsAdmin.csproj", "{2CB055C0-6222-4B30-9560-5B9EF961AED6}"
EndProject
Project("{FAE04EC0-301F-11D3-BF4B-00C04F79EFBC}") = "MCS.Domain", "MCS.Domain\MCS.Domain.csproj", "{AFFE1DC1-C4BB-4219-9362-EED2D4F08EA9}"
EndProject
Project("{FAE04EC0-301F-11D3-BF4B-00C04F79EFBC}") = "MCS.DocRepository", "MCS.DocRepository\MCS.DocRepository.csproj", "{0B538A14-0747-4F7D-90C5-3D7E75C1748F}"
EndProject
Project("{FAE04EC0-301F-11D3-BF4B-00C04F79EFBC}") = "MCS.DocRepository.Provider.DB", "MCS.DocRepository.Provider.DB\MCS.DocRepository.Provider.DB.csproj", "{DBB3964B-6163-4C46-AFC1-0CCB8EAB83FC}"
EndProject
Project("{FAE04EC0-301F-11D3-BF4B-00C04F79EFBC}") = "MCS.DocRepository.Provider.ECM", "MCS.DocRepository.Provider.ECM\MCS.DocRepository.Provider.ECM.csproj", "{44224A64-6AA9-4266-A194-77B5DDB32528}"
EndProject
Project("{FAE04EC0-301F-11D3-BF4B-00C04F79EFBC}") = "MCS.Integration.HUB.CON", "MCS.Integration.HUB\MCS.Integration.HUB.CON.csproj", "{D68B8531-E5A9-4517-82E1-05412C77F7A0}"
EndProject
Project("{FAE04EC0-301F-11D3-BF4B-00C04F79EFBC}") = "MCS.DoconutMVC", "MCS.DoconutMVC\MCS.DoconutMVC.csproj", "{EFF3BAFF-4C83-4C9E-873C-6FE2CA720260}"
EndProject
Project("{FAE04EC0-301F-11D3-BF4B-00C04F79EFBC}") = "MCS.GridMvc", "MCS.GridMvc\MCS.GridMvc.csproj", "{CDC11EE1-8760-448B-8770-14A6ABABBCD9}"
EndProject
Project("{FAE04EC0-301F-11D3-BF4B-00C04F79EFBC}") = "MCS.Framework", "MCS.FRAMEWORK\MCS.Framework.csproj", "{5B5B0B7B-1A75-4A12-9CEA-5B527AF8B6E5}"
EndProject
Project("{FAE04EC0-301F-11D3-BF4B-00C04F79EFBC}") = "MCS.Framework.Controls", "MCS.FRAMEWORK.Controls\MCS.Framework.Controls.csproj", "{937EDE88-192C-40F7-990E-D60F271A96C2}"
EndProject
Project("{FAE04EC0-301F-11D3-BF4B-00C04F79EFBC}") = "MCS.WindowsService", "MCS.WindowsService\MCS.WindowsService.csproj", "{73FD6510-68D3-4EE0-8088-B1E4D72DA19F}"
EndProject
Project("{FAE04EC0-301F-11D3-BF4B-00C04F79EFBC}") = "MCS.Tenants.Service", "MCS.Tenants.Service\MCS.Tenants.Service.csproj", "{D617F860-8871-4025-A3FD-12E9263A72FA}"
EndProject
Project("{FAE04EC0-301F-11D3-BF4B-00C04F79EFBC}") = "MCS.MobileApi", "MCS.MobileApi\MCS.MobileApi.csproj", "{AF961EF7-217B-4AED-BFCE-2C1896DEA02B}"
EndProject
Project("{54435603-DBB4-11D2-8724-00A0C9A8B90C}") = "YESSER.NCS.MCS.WindowsService.Installer", "MCS.WindowsService.Installer\MCS.WindowsService.Installer.vdproj", "{D66CD92C-B990-45FC-8394-6040EA878ED5}"
EndProject
Project("{FAE04EC0-301F-11D3-BF4B-00C04F79EFBC}") = "MCS.YESSER.Proxy", "MCS.YESSER.Proxy\MCS.YESSER.Proxy.csproj", "{B265653D-6C93-4C1E-87A1-76DF7B3D1E11}"
EndProject
Project("{FAE04EC0-301F-11D3-BF4B-00C04F79EFBC}") = "MCS.WopiHost", "MCS.WopiHost\MCS.WopiHost.csproj", "{EC23BCE7-C486-4212-9BB0-5751A27F43EC}"
EndProject
Project("{FAE04EC0-301F-11D3-BF4B-00C04F79EFBC}") = "MCS.IntegrationServices", "MCS.IntegrationServices\MCS.IntegrationServices.csproj", "{F8120E3F-DD29-425A-914C-6E82F0B4CFC1}"
EndProject
Project("{FAE04EC0-301F-11D3-BF4B-00C04F79EFBC}") = "MorasalatOutlookAddIn", "MorasalatOutlookAddIn\MorasalatOutlookAddIn.csproj", "{7A4283AC-C127-4681-9C61-821DF94F9EAB}"
EndProject
Project("{FAE04EC0-301F-11D3-BF4B-00C04F79EFBC}") = "DocWordToPDF", "ConsoleApp2\DocWordToPDF.csproj", "{B9B51DE3-4DF0-4565-A880-96B95ACFDAC3}"
EndProject
Project("{2150E333-8FDC-42A3-9474-1A3956D46DE8}") = "Solution Items", "Solution Items", "{E531CA29-8F39-4204-B38C-C77C78798C12}"
EndProject
Project("{FAE04EC0-301F-11D3-BF4B-00C04F79EFBC}") = "MCS.OfficeProcess", "MCS.OfficeProcess\MCS.OfficeProcess.csproj", "{04A21C30-14BE-4364-A672-F8738086634C}"
EndProject
Project("{FAE04EC0-301F-11D3-BF4B-00C04F79EFBC}") = "MCS.UI", "MCS.UI\MCS.UI.csproj", "{1101F9B3-E775-497D-A204-6602D624C906}"
EndProject
Project("{FAE04EC0-301F-11D3-BF4B-00C04F79EFBC}") = "MCS.WordAddIn", "MCS.GAMIWordAddIn\MCS.WordAddIn.csproj", "{103E142E-328B-4728-AC9F-18C24697E7D4}"
EndProject
Project("{54435603-DBB4-11D2-8724-00A0C9A8B90C}") = "MCS.SetupWordAddIn", "MCS.SetupWordAddIn\MCS.SetupWordAddIn.vdproj", "{E20949B9-1C57-44E1-AE45-C2572ABD88E4}"
EndProject
Global
	GlobalSection(SolutionConfigurationPlatforms) = preSolution
		Debug|Any CPU = Debug|Any CPU
		Release|Any CPU = Release|Any CPU
	EndGlobalSection
	GlobalSection(ProjectConfigurationPlatforms) = postSolution
		{D292E390-3933-4015-A71C-48EB7BF54B21}.Debug|Any CPU.ActiveCfg = Debug|Any CPU
		{D292E390-3933-4015-A71C-48EB7BF54B21}.Debug|Any CPU.Build.0 = Debug|Any CPU
		{D292E390-3933-4015-A71C-48EB7BF54B21}.Release|Any CPU.ActiveCfg = Release|Any CPU
		{D292E390-3933-4015-A71C-48EB7BF54B21}.Release|Any CPU.Build.0 = Release|Any CPU
		{985450A5-143C-47DF-A92B-416B6DBD284C}.Debug|Any CPU.ActiveCfg = Debug|Any CPU
		{985450A5-143C-47DF-A92B-416B6DBD284C}.Debug|Any CPU.Build.0 = Debug|Any CPU
		{985450A5-143C-47DF-A92B-416B6DBD284C}.Release|Any CPU.ActiveCfg = Release|Any CPU
		{985450A5-143C-47DF-A92B-416B6DBD284C}.Release|Any CPU.Build.0 = Release|Any CPU
		{8EFBFBF5-B3F5-4FA3-91D4-4CBA735CFA11}.Debug|Any CPU.ActiveCfg = Debug|Any CPU
		{8EFBFBF5-B3F5-4FA3-91D4-4CBA735CFA11}.Debug|Any CPU.Build.0 = Debug|Any CPU
		{8EFBFBF5-B3F5-4FA3-91D4-4CBA735CFA11}.Release|Any CPU.ActiveCfg = Release|Any CPU
		{8EFBFBF5-B3F5-4FA3-91D4-4CBA735CFA11}.Release|Any CPU.Build.0 = Release|Any CPU
		{DD463041-B635-4B24-B3E1-0A942AB358E0}.Debug|Any CPU.ActiveCfg = Debug|Any CPU
		{DD463041-B635-4B24-B3E1-0A942AB358E0}.Debug|Any CPU.Build.0 = Debug|Any CPU
		{DD463041-B635-4B24-B3E1-0A942AB358E0}.Release|Any CPU.ActiveCfg = Release|Any CPU
		{DD463041-B635-4B24-B3E1-0A942AB358E0}.Release|Any CPU.Build.0 = Release|Any CPU
		{DC0986F3-608B-43C7-A722-136283073F66}.Debug|Any CPU.ActiveCfg = Debug|Any CPU
		{DC0986F3-608B-43C7-A722-136283073F66}.Debug|Any CPU.Build.0 = Debug|Any CPU
		{DC0986F3-608B-43C7-A722-136283073F66}.Release|Any CPU.ActiveCfg = Release|Any CPU
		{DC0986F3-608B-43C7-A722-136283073F66}.Release|Any CPU.Build.0 = Release|Any CPU
		{2CB055C0-6222-4B30-9560-5B9EF961AED6}.Debug|Any CPU.ActiveCfg = Debug|Any CPU
		{2CB055C0-6222-4B30-9560-5B9EF961AED6}.Debug|Any CPU.Build.0 = Debug|Any CPU
		{2CB055C0-6222-4B30-9560-5B9EF961AED6}.Release|Any CPU.ActiveCfg = Release|Any CPU
		{2CB055C0-6222-4B30-9560-5B9EF961AED6}.Release|Any CPU.Build.0 = Release|Any CPU
		{AFFE1DC1-C4BB-4219-9362-EED2D4F08EA9}.Debug|Any CPU.ActiveCfg = Debug|Any CPU
		{AFFE1DC1-C4BB-4219-9362-EED2D4F08EA9}.Debug|Any CPU.Build.0 = Debug|Any CPU
		{AFFE1DC1-C4BB-4219-9362-EED2D4F08EA9}.Release|Any CPU.ActiveCfg = Release|Any CPU
		{AFFE1DC1-C4BB-4219-9362-EED2D4F08EA9}.Release|Any CPU.Build.0 = Release|Any CPU
		{0B538A14-0747-4F7D-90C5-3D7E75C1748F}.Debug|Any CPU.ActiveCfg = Debug|Any CPU
		{0B538A14-0747-4F7D-90C5-3D7E75C1748F}.Debug|Any CPU.Build.0 = Debug|Any CPU
		{0B538A14-0747-4F7D-90C5-3D7E75C1748F}.Release|Any CPU.ActiveCfg = Release|Any CPU
		{0B538A14-0747-4F7D-90C5-3D7E75C1748F}.Release|Any CPU.Build.0 = Release|Any CPU
		{DBB3964B-6163-4C46-AFC1-0CCB8EAB83FC}.Debug|Any CPU.ActiveCfg = Debug|Any CPU
		{DBB3964B-6163-4C46-AFC1-0CCB8EAB83FC}.Debug|Any CPU.Build.0 = Debug|Any CPU
		{DBB3964B-6163-4C46-AFC1-0CCB8EAB83FC}.Release|Any CPU.ActiveCfg = Release|Any CPU
		{DBB3964B-6163-4C46-AFC1-0CCB8EAB83FC}.Release|Any CPU.Build.0 = Release|Any CPU
		{44224A64-6AA9-4266-A194-77B5DDB32528}.Debug|Any CPU.ActiveCfg = Debug|Any CPU
		{44224A64-6AA9-4266-A194-77B5DDB32528}.Debug|Any CPU.Build.0 = Debug|Any CPU
		{44224A64-6AA9-4266-A194-77B5DDB32528}.Release|Any CPU.ActiveCfg = Release|Any CPU
		{44224A64-6AA9-4266-A194-77B5DDB32528}.Release|Any CPU.Build.0 = Release|Any CPU
		{D68B8531-E5A9-4517-82E1-05412C77F7A0}.Debug|Any CPU.ActiveCfg = Debug|Any CPU
		{D68B8531-E5A9-4517-82E1-05412C77F7A0}.Debug|Any CPU.Build.0 = Debug|Any CPU
		{D68B8531-E5A9-4517-82E1-05412C77F7A0}.Release|Any CPU.ActiveCfg = Release|Any CPU
		{D68B8531-E5A9-4517-82E1-05412C77F7A0}.Release|Any CPU.Build.0 = Release|Any CPU
		{EFF3BAFF-4C83-4C9E-873C-6FE2CA720260}.Debug|Any CPU.ActiveCfg = Debug|Any CPU
		{EFF3BAFF-4C83-4C9E-873C-6FE2CA720260}.Debug|Any CPU.Build.0 = Debug|Any CPU
		{EFF3BAFF-4C83-4C9E-873C-6FE2CA720260}.Release|Any CPU.ActiveCfg = Release|Any CPU
		{EFF3BAFF-4C83-4C9E-873C-6FE2CA720260}.Release|Any CPU.Build.0 = Release|Any CPU
		{CDC11EE1-8760-448B-8770-14A6ABABBCD9}.Debug|Any CPU.ActiveCfg = Debug|Any CPU
		{CDC11EE1-8760-448B-8770-14A6ABABBCD9}.Debug|Any CPU.Build.0 = Debug|Any CPU
		{CDC11EE1-8760-448B-8770-14A6ABABBCD9}.Release|Any CPU.ActiveCfg = Release|Any CPU
		{CDC11EE1-8760-448B-8770-14A6ABABBCD9}.Release|Any CPU.Build.0 = Release|Any CPU
		{5B5B0B7B-1A75-4A12-9CEA-5B527AF8B6E5}.Debug|Any CPU.ActiveCfg = Debug|Any CPU
		{5B5B0B7B-1A75-4A12-9CEA-5B527AF8B6E5}.Debug|Any CPU.Build.0 = Debug|Any CPU
		{5B5B0B7B-1A75-4A12-9CEA-5B527AF8B6E5}.Release|Any CPU.ActiveCfg = Release|Any CPU
		{5B5B0B7B-1A75-4A12-9CEA-5B527AF8B6E5}.Release|Any CPU.Build.0 = Release|Any CPU
		{937EDE88-192C-40F7-990E-D60F271A96C2}.Debug|Any CPU.ActiveCfg = Debug|Any CPU
		{937EDE88-192C-40F7-990E-D60F271A96C2}.Debug|Any CPU.Build.0 = Debug|Any CPU
		{937EDE88-192C-40F7-990E-D60F271A96C2}.Release|Any CPU.ActiveCfg = Release|Any CPU
		{937EDE88-192C-40F7-990E-D60F271A96C2}.Release|Any CPU.Build.0 = Release|Any CPU
		{73FD6510-68D3-4EE0-8088-B1E4D72DA19F}.Debug|Any CPU.ActiveCfg = Debug|Any CPU
		{73FD6510-68D3-4EE0-8088-B1E4D72DA19F}.Debug|Any CPU.Build.0 = Debug|Any CPU
		{73FD6510-68D3-4EE0-8088-B1E4D72DA19F}.Release|Any CPU.ActiveCfg = Release|Any CPU
		{73FD6510-68D3-4EE0-8088-B1E4D72DA19F}.Release|Any CPU.Build.0 = Release|Any CPU
		{D617F860-8871-4025-A3FD-12E9263A72FA}.Debug|Any CPU.ActiveCfg = Debug|Any CPU
		{D617F860-8871-4025-A3FD-12E9263A72FA}.Debug|Any CPU.Build.0 = Debug|Any CPU
		{D617F860-8871-4025-A3FD-12E9263A72FA}.Release|Any CPU.ActiveCfg = Release|Any CPU
		{D617F860-8871-4025-A3FD-12E9263A72FA}.Release|Any CPU.Build.0 = Release|Any CPU
		{AF961EF7-217B-4AED-BFCE-2C1896DEA02B}.Debug|Any CPU.ActiveCfg = Debug|Any CPU
		{AF961EF7-217B-4AED-BFCE-2C1896DEA02B}.Debug|Any CPU.Build.0 = Debug|Any CPU
		{AF961EF7-217B-4AED-BFCE-2C1896DEA02B}.Release|Any CPU.ActiveCfg = Release|Any CPU
		{AF961EF7-217B-4AED-BFCE-2C1896DEA02B}.Release|Any CPU.Build.0 = Release|Any CPU
		{D66CD92C-B990-45FC-8394-6040EA878ED5}.Debug|Any CPU.ActiveCfg = Debug
		{D66CD92C-B990-45FC-8394-6040EA878ED5}.Release|Any CPU.ActiveCfg = Release
		{B265653D-6C93-4C1E-87A1-76DF7B3D1E11}.Debug|Any CPU.ActiveCfg = Debug|Any CPU
		{B265653D-6C93-4C1E-87A1-76DF7B3D1E11}.Debug|Any CPU.Build.0 = Debug|Any CPU
		{B265653D-6C93-4C1E-87A1-76DF7B3D1E11}.Release|Any CPU.ActiveCfg = Release|Any CPU
		{B265653D-6C93-4C1E-87A1-76DF7B3D1E11}.Release|Any CPU.Build.0 = Release|Any CPU
		{EC23BCE7-C486-4212-9BB0-5751A27F43EC}.Debug|Any CPU.ActiveCfg = Debug|Any CPU
		{EC23BCE7-C486-4212-9BB0-5751A27F43EC}.Debug|Any CPU.Build.0 = Debug|Any CPU
		{EC23BCE7-C486-4212-9BB0-5751A27F43EC}.Release|Any CPU.ActiveCfg = Release|Any CPU
		{EC23BCE7-C486-4212-9BB0-5751A27F43EC}.Release|Any CPU.Build.0 = Release|Any CPU
		{F8120E3F-DD29-425A-914C-6E82F0B4CFC1}.Debug|Any CPU.ActiveCfg = Debug|Any CPU
		{F8120E3F-DD29-425A-914C-6E82F0B4CFC1}.Debug|Any CPU.Build.0 = Debug|Any CPU
		{F8120E3F-DD29-425A-914C-6E82F0B4CFC1}.Release|Any CPU.ActiveCfg = Release|Any CPU
		{F8120E3F-DD29-425A-914C-6E82F0B4CFC1}.Release|Any CPU.Build.0 = Release|Any CPU
		{7A4283AC-C127-4681-9C61-821DF94F9EAB}.Debug|Any CPU.ActiveCfg = Debug|Any CPU
		{7A4283AC-C127-4681-9C61-821DF94F9EAB}.Debug|Any CPU.Build.0 = Debug|Any CPU
		{7A4283AC-C127-4681-9C61-821DF94F9EAB}.Release|Any CPU.ActiveCfg = Release|Any CPU
		{7A4283AC-C127-4681-9C61-821DF94F9EAB}.Release|Any CPU.Build.0 = Release|Any CPU
		{B9B51DE3-4DF0-4565-A880-96B95ACFDAC3}.Debug|Any CPU.ActiveCfg = Debug|Any CPU
		{B9B51DE3-4DF0-4565-A880-96B95ACFDAC3}.Debug|Any CPU.Build.0 = Debug|Any CPU
		{B9B51DE3-4DF0-4565-A880-96B95ACFDAC3}.Release|Any CPU.ActiveCfg = Release|Any CPU
		{B9B51DE3-4DF0-4565-A880-96B95ACFDAC3}.Release|Any CPU.Build.0 = Release|Any CPU
		{04A21C30-14BE-4364-A672-F8738086634C}.Debug|Any CPU.ActiveCfg = Debug|Any CPU
		{04A21C30-14BE-4364-A672-F8738086634C}.Debug|Any CPU.Build.0 = Debug|Any CPU
		{04A21C30-14BE-4364-A672-F8738086634C}.Release|Any CPU.ActiveCfg = Release|Any CPU
		{04A21C30-14BE-4364-A672-F8738086634C}.Release|Any CPU.Build.0 = Release|Any CPU
		{1101F9B3-E775-497D-A204-6602D624C906}.Debug|Any CPU.ActiveCfg = Debug|Any CPU
		{1101F9B3-E775-497D-A204-6602D624C906}.Debug|Any CPU.Build.0 = Debug|Any CPU
		{1101F9B3-E775-497D-A204-6602D624C906}.Release|Any CPU.ActiveCfg = Release|Any CPU
		{1101F9B3-E775-497D-A204-6602D624C906}.Release|Any CPU.Build.0 = Release|Any CPU
		{103E142E-328B-4728-AC9F-18C24697E7D4}.Debug|Any CPU.ActiveCfg = Debug|Any CPU
		{103E142E-328B-4728-AC9F-18C24697E7D4}.Debug|Any CPU.Build.0 = Debug|Any CPU
		{103E142E-328B-4728-AC9F-18C24697E7D4}.Release|Any CPU.ActiveCfg = Release|Any CPU
		{103E142E-328B-4728-AC9F-18C24697E7D4}.Release|Any CPU.Build.0 = Release|Any CPU
		{E20949B9-1C57-44E1-AE45-C2572ABD88E4}.Debug|Any CPU.ActiveCfg = Debug
		{E20949B9-1C57-44E1-AE45-C2572ABD88E4}.Release|Any CPU.ActiveCfg = Release
	EndGlobalSection
	GlobalSection(SolutionProperties) = preSolution
		HideSolutionNode = FALSE
	EndGlobalSection
	GlobalSection(ExtensibilityGlobals) = postSolution
		SolutionGuid = {60234038-F601-4943-A4B1-BD053F2A75F2}
	EndGlobalSection
EndGlobal
